// !$*UTF8*$!
{
	archiveVersion = 1;
	classes = {
	};
	objectVersion = 56;
	objects = {

/* Begin PBXBuildFile section */
		5BC196342C483BB800348F49 /* Clicker_StrikeApp.swift in Sources */ = {isa = PBXBuildFile; fileRef = 5BC196332C483BB800348F49 /* Clicker_StrikeApp.swift */; };
		5BC196362C483BB800348F49 /* ContentView.swift in Sources */ = {isa = PBXBuildFile; fileRef = 5BC196352C483BB800348F49 /* ContentView.swift */; };
		5BC196382C483BBA00348F49 /* Assets.xcassets in Resources */ = {isa = PBXBuildFile; fileRef = 5BC196372C483BBA00348F49 /* Assets.xcassets */; };
		5BC1963B2C483BBA00348F49 /* Preview Assets.xcassets in Resources */ = {isa = PBXBuildFile; fileRef = 5BC1963A2C483BBA00348F49 /* Preview Assets.xcassets */; };
		5BC196462C483BBA00348F49 /* Clicker_StrikeTests.swift in Sources */ = {isa = PBXBuildFile; fileRef = 5BC196452C483BBA00348F49 /* Clicker_StrikeTests.swift */; };
		5BC196502C483BBA00348F49 /* Clicker_StrikeUITests.swift in Sources */ = {isa = PBXBuildFile; fileRef = 5BC1964F2C483BBA00348F49 /* Clicker_StrikeUITests.swift */; };
		5BC196522C483BBA00348F49 /* Clicker_StrikeUITestsLaunchTests.swift in Sources */ = {isa = PBXBuildFile; fileRef = 5BC196512C483BBA00348F49 /* Clicker_StrikeUITestsLaunchTests.swift */; };
/* End PBXBuildFile section */

/* Begin PBXContainerItemProxy section */
		5BC196422C483BBA00348F49 /* PBXContainerItemProxy */ = {
			isa = PBXContainerItemProxy;
			containerPortal = 5BC196282C483BB800348F49 /* Project object */;
			proxyType = 1;
			remoteGlobalIDString = 5BC1962F2C483BB800348F49;
			remoteInfo = "Clicker Strike";
		};
		5BC1964C2C483BBA00348F49 /* PBXContainerItemProxy */ = {
			isa = PBXContainerItemProxy;
			containerPortal = 5BC196282C483BB800348F49 /* Project object */;
			proxyType = 1;
			remoteGlobalIDString = 5BC1962F2C483BB800348F49;
			remoteInfo = "Clicker Strike";
		};
/* End PBXContainerItemProxy section */

/* Begin PBXFileReference section */
		5BC196302C483BB800348F49 /* Clicker Strike.app */ = {isa = PBXFileReference; explicitFileType = wrapper.application; includeInIndex = 0; path = "Clicker Strike.app"; sourceTree = BUILT_PRODUCTS_DIR; };
		5BC196332C483BB800348F49 /* Clicker_StrikeApp.swift */ = {isa = PBXFileReference; lastKnownFileType = sourcecode.swift; path = Clicker_StrikeApp.swift; sourceTree = "<group>"; };
		5BC196352C483BB800348F49 /* ContentView.swift */ = {isa = PBXFileReference; lastKnownFileType = sourcecode.swift; path = ContentView.swift; sourceTree = "<group>"; };
		5BC196372C483BBA00348F49 /* Assets.xcassets */ = {isa = PBXFileReference; lastKnownFileType = folder.assetcatalog; path = Assets.xcassets; sourceTree = "<group>"; };
		5BC1963A2C483BBA00348F49 /* Preview Assets.xcassets */ = {isa = PBXFileReference; lastKnownFileType = folder.assetcatalog; path = "Preview Assets.xcassets"; sourceTree = "<group>"; };
		5BC1963C2C483BBA00348F49 /* Clicker_Strike.entitlements */ = {isa = PBXFileReference; lastKnownFileType = text.plist.entitlements; path = Clicker_Strike.entitlements; sourceTree = "<group>"; };
		5BC196412C483BBA00348F49 /* Clicker StrikeTests.xctest */ = {isa = PBXFileReference; explicitFileType = wrapper.cfbundle; includeInIndex = 0; path = "Clicker StrikeTests.xctest"; sourceTree = BUILT_PRODUCTS_DIR; };
		5BC196452C483BBA00348F49 /* Clicker_StrikeTests.swift */ = {isa = PBXFileReference; lastKnownFileType = sourcecode.swift; path = Clicker_StrikeTests.swift; sourceTree = "<group>"; };
		5BC1964B2C483BBA00348F49 /* Clicker StrikeUITests.xctest */ = {isa = PBXFileReference; explicitFileType = wrapper.cfbundle; includeInIndex = 0; path = "Clicker StrikeUITests.xctest"; sourceTree = BUILT_PRODUCTS_DIR; };
		5BC1964F2C483BBA00348F49 /* Clicker_StrikeUITests.swift */ = {isa = PBXFileReference; lastKnownFileType = sourcecode.swift; path = Clicker_StrikeUITests.swift; sourceTree = "<group>"; };
		5BC196512C483BBA00348F49 /* Clicker_StrikeUITestsLaunchTests.swift */ = {isa = PBXFileReference; lastKnownFileType = sourcecode.swift; path = Clicker_StrikeUITestsLaunchTests.swift; sourceTree = "<group>"; };
/* End PBXFileReference section */

/* Begin PBXFrameworksBuildPhase section */
		5BC1962D2C483BB800348F49 /* Frameworks */ = {
			isa = PBXFrameworksBuildPhase;
			buildActionMask = 2147483647;
			files = (
			);
			runOnlyForDeploymentPostprocessing = 0;
		};
		5BC1963E2C483BBA00348F49 /* Frameworks */ = {
			isa = PBXFrameworksBuildPhase;
			buildActionMask = 2147483647;
			files = (
			);
			runOnlyForDeploymentPostprocessing = 0;
		};
		5BC196482C483BBA00348F49 /* Frameworks */ = {
			isa = PBXFrameworksBuildPhase;
			buildActionMask = 2147483647;
			files = (
			);
			runOnlyForDeploymentPostprocessing = 0;
		};
/* End PBXFrameworksBuildPhase section */

/* Begin PBXGroup section */
		5BC196272C483BB800348F49 = {
			isa = PBXGroup;
			children = (
				5BC196322C483BB800348F49 /* Clicker Strike */,
				5BC196442C483BBA00348F49 /* Clicker StrikeTests */,
				5BC1964E2C483BBA00348F49 /* Clicker StrikeUITests */,
				5BC196312C483BB800348F49 /* Products */,
			);
			sourceTree = "<group>";
		};
		5BC196312C483BB800348F49 /* Products */ = {
			isa = PBXGroup;
			children = (
				5BC196302C483BB800348F49 /* Clicker Strike.app */,
				5BC196412C483BBA00348F49 /* Clicker StrikeTests.xctest */,
				5BC1964B2C483BBA00348F49 /* Clicker StrikeUITests.xctest */,
			);
			name = Products;
			sourceTree = "<group>";
		};
		5BC196322C483BB800348F49 /* Clicker Strike */ = {
			isa = PBXGroup;
			children = (
				5BC196332C483BB800348F49 /* Clicker_StrikeApp.swift */,
				5BC196352C483BB800348F49 /* ContentView.swift */,
				5BC196372C483BBA00348F49 /* Assets.xcassets */,
				5BC1963C2C483BBA00348F49 /* Clicker_Strike.entitlements */,
				5BC196392C483BBA00348F49 /* Preview Content */,
			);
			path = "Clicker Strike";
			sourceTree = "<group>";
		};
		5BC196392C483BBA00348F49 /* Preview Content */ = {
			isa = PBXGroup;
			children = (
				5BC1963A2C483BBA00348F49 /* Preview Assets.xcassets */,
			);
			path = "Preview Content";
			sourceTree = "<group>";
		};
		5BC196442C483BBA00348F49 /* Clicker StrikeTests */ = {
			isa = PBXGroup;
			children = (
				5BC196452C483BBA00348F49 /* Clicker_StrikeTests.swift */,
			);
			path = "Clicker StrikeTests";
			sourceTree = "<group>";
		};
		5BC1964E2C483BBA00348F49 /* Clicker StrikeUITests */ = {
			isa = PBXGroup;
			children = (
				5BC1964F2C483BBA00348F49 /* Clicker_StrikeUITests.swift */,
				5BC196512C483BBA00348F49 /* Clicker_StrikeUITestsLaunchTests.swift */,
			);
			path = "Clicker StrikeUITests";
			sourceTree = "<group>";
		};
/* End PBXGroup section */

/* Begin PBXNativeTarget section */
		5BC1962F2C483BB800348F49 /* Clicker Strike */ = {
			isa = PBXNativeTarget;
			buildConfigurationList = 5BC196552C483BBA00348F49 /* Build configuration list for PBXNativeTarget "Clicker Strike" */;
			buildPhases = (
				5BC1962C2C483BB800348F49 /* Sources */,
				5BC1962D2C483BB800348F49 /* Frameworks */,
				5BC1962E2C483BB800348F49 /* Resources */,
			);
			buildRules = (
			);
			dependencies = (
			);
			name = "Clicker Strike";
			productName = "Clicker Strike";
			productReference = 5BC196302C483BB800348F49 /* Clicker Strike.app */;
			productType = "com.apple.product-type.application";
		};
		5BC196402C483BBA00348F49 /* Clicker StrikeTests */ = {
			isa = PBXNativeTarget;
			buildConfigurationList = 5BC196582C483BBA00348F49 /* Build configuration list for PBXNativeTarget "Clicker StrikeTests" */;
			buildPhases = (
				5BC1963D2C483BBA00348F49 /* Sources */,
				5BC1963E2C483BBA00348F49 /* Frameworks */,
				5BC1963F2C483BBA00348F49 /* Resources */,
			);
			buildRules = (
			);
			dependencies = (
				5BC196432C483BBA00348F49 /* PBXTargetDependency */,
			);
			name = "Clicker StrikeTests";
			productName = "Clicker StrikeTests";
			productReference = 5BC196412C483BBA00348F49 /* Clicker StrikeTests.xctest */;
			productType = "com.apple.product-type.bundle.unit-test";
		};
		5BC1964A2C483BBA00348F49 /* Clicker StrikeUITests */ = {
			isa = PBXNativeTarget;
			buildConfigurationList = 5BC1965B2C483BBA00348F49 /* Build configuration list for PBXNativeTarget "Clicker StrikeUITests" */;
			buildPhases = (
				5BC196472C483BBA00348F49 /* Sources */,
				5BC196482C483BBA00348F49 /* Frameworks */,
				5BC196492C483BBA00348F49 /* Resources */,
			);
			buildRules = (
			);
			dependencies = (
				5BC1964D2C483BBA00348F49 /* PBXTargetDependency */,
			);
			name = "Clicker StrikeUITests";
			productName = "Clicker StrikeUITests";
			productReference = 5BC1964B2C483BBA00348F49 /* Clicker StrikeUITests.xctest */;
			productType = "com.apple.product-type.bundle.ui-testing";
		};
/* End PBXNativeTarget section */

/* Begin PBXProject section */
		5BC196282C483BB800348F49 /* Project object */ = {
			isa = PBXProject;
			attributes = {
				BuildIndependentTargetsInParallel = 1;
				LastSwiftUpdateCheck = 1540;
				LastUpgradeCheck = 1540;
				TargetAttributes = {
					5BC1962F2C483BB800348F49 = {
						CreatedOnToolsVersion = 15.4;
					};
					5BC196402C483BBA00348F49 = {
						CreatedOnToolsVersion = 15.4;
						TestTargetID = 5BC1962F2C483BB800348F49;
					};
					5BC1964A2C483BBA00348F49 = {
						CreatedOnToolsVersion = 15.4;
						TestTargetID = 5BC1962F2C483BB800348F49;
					};
				};
			};
			buildConfigurationList = 5BC1962B2C483BB800348F49 /* Build configuration list for PBXProject "Clicker Strike" */;
			compatibilityVersion = "Xcode 14.0";
			developmentRegion = en;
			hasScannedForEncodings = 0;
			knownRegions = (
				en,
				Base,
			);
			mainGroup = 5BC196272C483BB800348F49;
			productRefGroup = 5BC196312C483BB800348F49 /* Products */;
			projectDirPath = "";
			projectRoot = "";
			targets = (
				5BC1962F2C483BB800348F49 /* Clicker Strike */,
				5BC196402C483BBA00348F49 /* Clicker StrikeTests */,
				5BC1964A2C483BBA00348F49 /* Clicker StrikeUITests */,
			);
		};
/* End PBXProject section */

/* Begin PBXResourcesBuildPhase section */
		5BC1962E2C483BB800348F49 /* Resources */ = {
			isa = PBXResourcesBuildPhase;
			buildActionMask = 2147483647;
			files = (
				5BC1963B2C483BBA00348F49 /* Preview Assets.xcassets in Resources */,
				5BC196382C483BBA00348F49 /* Assets.xcassets in Resources */,
			);
			runOnlyForDeploymentPostprocessing = 0;
		};
		5BC1963F2C483BBA00348F49 /* Resources */ = {
			isa = PBXResourcesBuildPhase;
			buildActionMask = 2147483647;
			files = (
			);
			runOnlyForDeploymentPostprocessing = 0;
		};
		5BC196492C483BBA00348F49 /* Resources */ = {
			isa = PBXResourcesBuildPhase;
			buildActionMask = 2147483647;
			files = (
			);
			runOnlyForDeploymentPostprocessing = 0;
		};
/* End PBXResourcesBuildPhase section */

/* Begin PBXSourcesBuildPhase section */
		5BC1962C2C483BB800348F49 /* Sources */ = {
			isa = PBXSourcesBuildPhase;
			buildActionMask = 2147483647;
			files = (
				5BC196362C483BB800348F49 /* ContentView.swift in Sources */,
				5BC196342C483BB800348F49 /* Clicker_StrikeApp.swift in Sources */,
			);
			runOnlyForDeploymentPostprocessing = 0;
		};
		5BC1963D2C483BBA00348F49 /* Sources */ = {
			isa = PBXSourcesBuildPhase;
			buildActionMask = 2147483647;
			files = (
				5BC196462C483BBA00348F49 /* Clicker_StrikeTests.swift in Sources */,
			);
			runOnlyForDeploymentPostprocessing = 0;
		};
		5BC196472C483BBA00348F49 /* Sources */ = {
			isa = PBXSourcesBuildPhase;
			buildActionMask = 2147483647;
			files = (
				5BC196522C483BBA00348F49 /* Clicker_StrikeUITestsLaunchTests.swift in Sources */,
				5BC196502C483BBA00348F49 /* Clicker_StrikeUITests.swift in Sources */,
			);
			runOnlyForDeploymentPostprocessing = 0;
		};
/* End PBXSourcesBuildPhase section */

/* Begin PBXTargetDependency section */
		5BC196432C483BBA00348F49 /* PBXTargetDependency */ = {
			isa = PBXTargetDependency;
			target = 5BC1962F2C483BB800348F49 /* Clicker Strike */;
			targetProxy = 5BC196422C483BBA00348F49 /* PBXContainerItemProxy */;
		};
		5BC1964D2C483BBA00348F49 /* PBXTargetDependency */ = {
			isa = PBXTargetDependency;
			target = 5BC1962F2C483BB800348F49 /* Clicker Strike */;
			targetProxy = 5BC1964C2C483BBA00348F49 /* PBXContainerItemProxy */;
		};
/* End PBXTargetDependency section */

/* Begin XCBuildConfiguration section */
		5BC196532C483BBA00348F49 /* Debug */ = {
			isa = XCBuildConfiguration;
			buildSettings = {
				ALWAYS_SEARCH_USER_PATHS = NO;
				ASSETCATALOG_COMPILER_GENERATE_SWIFT_ASSET_SYMBOL_EXTENSIONS = YES;
				CLANG_ANALYZER_NONNULL = YES;
				CLANG_ANALYZER_NUMBER_OBJECT_CONVERSION = YES_AGGRESSIVE;
				CLANG_CXX_LANGUAGE_STANDARD = "gnu++20";
				CLANG_ENABLE_MODULES = YES;
				CLANG_ENABLE_OBJC_ARC = YES;
				CLANG_ENABLE_OBJC_WEAK = YES;
				CLANG_WARN_BLOCK_CAPTURE_AUTORELEASING = YES;
				CLANG_WARN_BOOL_CONVERSION = YES;
				CLANG_WARN_COMMA = YES;
				CLANG_WARN_CONSTANT_CONVERSION = YES;
				CLANG_WARN_DEPRECATED_OBJC_IMPLEMENTATIONS = YES;
				CLANG_WARN_DIRECT_OBJC_ISA_USAGE = YES_ERROR;
				CLANG_WARN_DOCUMENTATION_COMMENTS = YES;
				CLANG_WARN_EMPTY_BODY = YES;
				CLANG_WARN_ENUM_CONVERSION = YES;
				CLANG_WARN_INFINITE_RECURSION = YES;
				CLANG_WARN_INT_CONVERSION = YES;
				CLANG_WARN_NON_LITERAL_NULL_CONVERSION = YES;
				CLANG_WARN_OBJC_IMPLICIT_RETAIN_SELF = YES;
				CLANG_WARN_OBJC_LITERAL_CONVERSION = YES;
				CLANG_WARN_OBJC_ROOT_CLASS = YES_ERROR;
				CLANG_WARN_QUOTED_INCLUDE_IN_FRAMEWORK_HEADER = YES;
				CLANG_WARN_RANGE_LOOP_ANALYSIS = YES;
				CLANG_WARN_STRICT_PROTOTYPES = YES;
				CLANG_WARN_SUSPICIOUS_MOVE = YES;
				CLANG_WARN_UNGUARDED_AVAILABILITY = YES_AGGRESSIVE;
				CLANG_WARN_UNREACHABLE_CODE = YES;
				CLANG_WARN__DUPLICATE_METHOD_MATCH = YES;
				COPY_PHASE_STRIP = NO;
				DEBUG_INFORMATION_FORMAT = dwarf;
				ENABLE_STRICT_OBJC_MSGSEND = YES;
				ENABLE_TESTABILITY = YES;
				ENABLE_USER_SCRIPT_SANDBOXING = YES;
				GCC_C_LANGUAGE_STANDARD = gnu17;
				GCC_DYNAMIC_NO_PIC = NO;
				GCC_NO_COMMON_BLOCKS = YES;
				GCC_OPTIMIZATION_LEVEL = 0;
				GCC_PREPROCESSOR_DEFINITIONS = (
					"DEBUG=1",
					"$(inherited)",
				);
				GCC_WARN_64_TO_32_BIT_CONVERSION = YES;
				GCC_WARN_ABOUT_RETURN_TYPE = YES_ERROR;
				GCC_WARN_UNDECLARED_SELECTOR = YES;
				GCC_WARN_UNINITIALIZED_AUTOS = YES_AGGRESSIVE;
				GCC_WARN_UNUSED_FUNCTION = YES;
				GCC_WARN_UNUSED_VARIABLE = YES;
				LOCALIZATION_PREFERS_STRING_CATALOGS = YES;
				MACOSX_DEPLOYMENT_TARGET = 14.5;
				MTL_ENABLE_DEBUG_INFO = INCLUDE_SOURCE;
				MTL_FAST_MATH = YES;
				ONLY_ACTIVE_ARCH = YES;
				SDKROOT = macosx;
				SWIFT_ACTIVE_COMPILATION_CONDITIONS = "DEBUG $(inherited)";
				SWIFT_OPTIMIZATION_LEVEL = "-Onone";
			};
			name = Debug;
		};
		5BC196542C483BBA00348F49 /* Release */ = {
			isa = XCBuildConfiguration;
			buildSettings = {
				ALWAYS_SEARCH_USER_PATHS = NO;
				ASSETCATALOG_COMPILER_GENERATE_SWIFT_ASSET_SYMBOL_EXTENSIONS = YES;
				CLANG_ANALYZER_NONNULL = YES;
				CLANG_ANALYZER_NUMBER_OBJECT_CONVERSION = YES_AGGRESSIVE;
				CLANG_CXX_LANGUAGE_STANDARD = "gnu++20";
				CLANG_ENABLE_MODULES = YES;
				CLANG_ENABLE_OBJC_ARC = YES;
				CLANG_ENABLE_OBJC_WEAK = YES;
				CLANG_WARN_BLOCK_CAPTURE_AUTORELEASING = YES;
				CLANG_WARN_BOOL_CONVERSION = YES;
				CLANG_WARN_COMMA = YES;
				CLANG_WARN_CONSTANT_CONVERSION = YES;
				CLANG_WARN_DEPRECATED_OBJC_IMPLEMENTATIONS = YES;
				CLANG_WARN_DIRECT_OBJC_ISA_USAGE = YES_ERROR;
				CLANG_WARN_DOCUMENTATION_COMMENTS = YES;
				CLANG_WARN_EMPTY_BODY = YES;
				CLANG_WARN_ENUM_CONVERSION = YES;
				CLANG_WARN_INFINITE_RECURSION = YES;
				CLANG_WARN_INT_CONVERSION = YES;
				CLANG_WARN_NON_LITERAL_NULL_CONVERSION = YES;
				CLANG_WARN_OBJC_IMPLICIT_RETAIN_SELF = YES;
				CLANG_WARN_OBJC_LITERAL_CONVERSION = YES;
				CLANG_WARN_OBJC_ROOT_CLASS = YES_ERROR;
				CLANG_WARN_QUOTED_INCLUDE_IN_FRAMEWORK_HEADER = YES;
				CLANG_WARN_RANGE_LOOP_ANALYSIS = YES;
				CLANG_WARN_STRICT_PROTOTYPES = YES;
				CLANG_WARN_SUSPICIOUS_MOVE = YES;
				CLANG_WARN_UNGUARDED_AVAILABILITY = YES_AGGRESSIVE;
				CLANG_WARN_UNREACHABLE_CODE = YES;
				CLANG_WARN__DUPLICATE_METHOD_MATCH = YES;
				COPY_PHASE_STRIP = NO;
				DEBUG_INFORMATION_FORMAT = "dwarf-with-dsym";
				ENABLE_NS_ASSERTIONS = NO;
				ENABLE_STRICT_OBJC_MSGSEND = YES;
				ENABLE_USER_SCRIPT_SANDBOXING = YES;
				GCC_C_LANGUAGE_STANDARD = gnu17;
				GCC_NO_COMMON_BLOCKS = YES;
				GCC_WARN_64_TO_32_BIT_CONVERSION = YES;
				GCC_WARN_ABOUT_RETURN_TYPE = YES_ERROR;
				GCC_WARN_UNDECLARED_SELECTOR = YES;
				GCC_WARN_UNINITIALIZED_AUTOS = YES_AGGRESSIVE;
				GCC_WARN_UNUSED_FUNCTION = YES;
				GCC_WARN_UNUSED_VARIABLE = YES;
				LOCALIZATION_PREFERS_STRING_CATALOGS = YES;
				MACOSX_DEPLOYMENT_TARGET = 14.5;
				MTL_ENABLE_DEBUG_INFO = NO;
				MTL_FAST_MATH = YES;
				SDKROOT = macosx;
				SWIFT_COMPILATION_MODE = wholemodule;
			};
			name = Release;
		};
		5BC196562C483BBA00348F49 /* Debug */ = {
			isa = XCBuildConfiguration;
			buildSettings = {
				ASSETCATALOG_COMPILER_APPICON_NAME = AppIcon;
				ASSETCATALOG_COMPILER_GLOBAL_ACCENT_COLOR_NAME = AccentColor;
				CODE_SIGN_ENTITLEMENTS = "Clicker Strike/Clicker_Strike.entitlements";
				CODE_SIGN_STYLE = Automatic;
				COMBINE_HIDPI_IMAGES = YES;
				CURRENT_PROJECT_VERSION = 1;
				DEVELOPMENT_ASSET_PATHS = "\"Clicker Strike/Preview Content\"";
				ENABLE_PREVIEWS = YES;
				GENERATE_INFOPLIST_FILE = YES;
				INFOPLIST_KEY_NSHumanReadableCopyright = "";
				LD_RUNPATH_SEARCH_PATHS = (
					"$(inherited)",
					"@executable_path/../Frameworks",
				);
				MARKETING_VERSION = 1.0;
				PRODUCT_BUNDLE_IDENTIFIER = "com.division21.Clicker-Strike";
				PRODUCT_NAME = "$(TARGET_NAME)";
				SWIFT_EMIT_LOC_STRINGS = YES;
				SWIFT_VERSION = 5.0;
			};
			name = Debug;
		};
		5BC196572C483BBA00348F49 /* Release */ = {
			isa = XCBuildConfiguration;
			buildSettings = {
				ASSETCATALOG_COMPILER_APPICON_NAME = AppIcon;
				ASSETCATALOG_COMPILER_GLOBAL_ACCENT_COLOR_NAME = AccentColor;
				CODE_SIGN_ENTITLEMENTS = "Clicker Strike/Clicker_Strike.entitlements";
				CODE_SIGN_STYLE = Automatic;
				COMBINE_HIDPI_IMAGES = YES;
				CURRENT_PROJECT_VERSION = 1;
				DEVELOPMENT_ASSET_PATHS = "\"Clicker Strike/Preview Content\"";
				ENABLE_PREVIEWS = YES;
				GENERATE_INFOPLIST_FILE = YES;
				INFOPLIST_KEY_NSHumanReadableCopyright = "";
				LD_RUNPATH_SEARCH_PATHS = (
					"$(inherited)",
					"@executable_path/../Frameworks",
				);
				MARKETING_VERSION = 1.0;
				PRODUCT_BUNDLE_IDENTIFIER = "com.division21.Clicker-Strike";
				PRODUCT_NAME = "$(TARGET_NAME)";
				SWIFT_EMIT_LOC_STRINGS = YES;
				SWIFT_VERSION = 5.0;
			};
			name = Release;
		};
		5BC196592C483BBA00348F49 /* Debug */ = {
			isa = XCBuildConfiguration;
			buildSettings = {
				ALWAYS_EMBED_SWIFT_STANDARD_LIBRARIES = YES;
				BUNDLE_LOADER = "$(TEST_HOST)";
				CODE_SIGN_STYLE = Automatic;
				CURRENT_PROJECT_VERSION = 1;
				GENERATE_INFOPLIST_FILE = YES;
				MACOSX_DEPLOYMENT_TARGET = 14.5;
				MARKETING_VERSION = 1.0;
				PRODUCT_BUNDLE_IDENTIFIER = "com.division21.Clicker-StrikeTests";
				PRODUCT_NAME = "$(TARGET_NAME)";
				SWIFT_EMIT_LOC_STRINGS = NO;
				SWIFT_VERSION = 5.0;
				TEST_HOST = "$(BUILT_PRODUCTS_DIR)/Clicker Strike.app/$(BUNDLE_EXECUTABLE_FOLDER_PATH)/Clicker Strike";
			};
			name = Debug;
		};
		5BC1965A2C483BBA00348F49 /* Release */ = {
			isa = XCBuildConfiguration;
			buildSettings = {
				ALWAYS_EMBED_SWIFT_STANDARD_LIBRARIES = YES;
				BUNDLE_LOADER = "$(TEST_HOST)";
				CODE_SIGN_STYLE = Automatic;
				CURRENT_PROJECT_VERSION = 1;
				GENERATE_INFOPLIST_FILE = YES;
				MACOSX_DEPLOYMENT_TARGET = 14.5;
				MARKETING_VERSION = 1.0;
				PRODUCT_BUNDLE_IDENTIFIER = "com.division21.Clicker-StrikeTests";
				PRODUCT_NAME = "$(TARGET_NAME)";
				SWIFT_EMIT_LOC_STRINGS = NO;
				SWIFT_VERSION = 5.0;
				TEST_HOST = "$(BUILT_PRODUCTS_DIR)/Clicker Strike.app/$(BUNDLE_EXECUTABLE_FOLDER_PATH)/Clicker Strike";
			};
			name = Release;
		};
		5BC1965C2C483BBA00348F49 /* Debug */ = {
			isa = XCBuildConfiguration;
			buildSettings = {
				ALWAYS_EMBED_SWIFT_STANDARD_LIBRARIES = YES;
				CODE_SIGN_STYLE = Automatic;
				CURRENT_PROJECT_VERSION = 1;
				GENERATE_INFOPLIST_FILE = YES;
				MARKETING_VERSION = 1.0;
				PRODUCT_BUNDLE_IDENTIFIER = "com.division21.Clicker-StrikeUITests";
				PRODUCT_NAME = "$(TARGET_NAME)";
				SWIFT_EMIT_LOC_STRINGS = NO;
				SWIFT_VERSION = 5.0;
				TEST_TARGET_NAME = "Clicker Strike";
			};
			name = Debug;
		};
		5BC1965D2C483BBA00348F49 /* Release */ = {
			isa = XCBuildConfiguration;
			buildSettings = {
				ALWAYS_EMBED_SWIFT_STANDARD_LIBRARIES = YES;
				CODE_SIGN_STYLE = Automatic;
				CURRENT_PROJECT_VERSION = 1;
				GENERATE_INFOPLIST_FILE = YES;
				MARKETING_VERSION = 1.0;
				PRODUCT_BUNDLE_IDENTIFIER = "com.division21.Clicker-StrikeUITests";
				PRODUCT_NAME = "$(TARGET_NAME)";
				SWIFT_EMIT_LOC_STRINGS = NO;
				SWIFT_VERSION = 5.0;
				TEST_TARGET_NAME = "Clicker Strike";
			};
			name = Release;
		};
/* End XCBuildConfiguration section */

/* Begin XCConfigurationList section */
		5BC1962B2C483BB800348F49 /* Build configuration list for PBXProject "Clicker Strike" */ = {
			isa = XCConfigurationList;
			buildConfigurations = (
				5BC196532C483BBA00348F49 /* Debug */,
				5BC196542C483BBA00348F49 /* Release */,
			);
			defaultConfigurationIsVisible = 0;
			defaultConfigurationName = Release;
		};
		5BC196552C483BBA00348F49 /* Build configuration list for PBXNativeTarget "Clicker Strike" */ = {
			isa = XCConfigurationList;
			buildConfigurations = (
				5BC196562C483BBA00348F49 /* Debug */,
				5BC196572C483BBA00348F49 /* Release */,
			);
			defaultConfigurationIsVisible = 0;
			defaultConfigurationName = Release;
		};
		5BC196582C483BBA00348F49 /* Build configuration list for PBXNativeTarget "Clicker StrikeTests" */ = {
			isa = XCConfigurationList;
			buildConfigurations = (
				5BC196592C483BBA00348F49 /* Debug */,
				5BC1965A2C483BBA00348F49 /* Release */,
			);
			defaultConfigurationIsVisible = 0;
			defaultConfigurationName = Release;
		};
		5BC1965B2C483BBA00348F49 /* Build configuration list for PBXNativeTarget "Clicker StrikeUITests" */ = {
			isa = XCConfigurationList;
			buildConfigurations = (
				5BC1965C2C483BBA00348F49 /* Debug */,
				5BC1965D2C483BBA00348F49 /* Release */,
			);
			defaultConfigurationIsVisible = 0;
			defaultConfigurationName = Release;
		};
/* End XCConfigurationList section */
	};
	rootObject = 5BC196282C483BB800348F49 /* Project object */;
}
